{
  "name": "client",
  "lockfileVersion": 3,
  "requires": true,
  "packages": {
    "": {
      "dependencies": {
        "@tosspayments/tosspayments-sdk": "^2.4.1"
      }
    },
    "node_modules/@tosspayments/tosspayments-sdk": {
      "version": "2.4.1",
      "resolved": "https://registry.npmjs.org/@tosspayments/tosspayments-sdk/-/tosspayments-sdk-2.4.1.tgz",
      "integrity": "sha512-FGBwiPKUeU9A+Hk+EgmPZ5NCjz/4P3dQESBlRBX3aYc6Qg1RprhdizceudV8VN13fbFEGnPfizP4U494+gbP/w==",
      "license": "MIT"
    }
  }
}
